
Microsoft Visual Studio Solution File, Format Version 12.00
# Visual Studio Version 17
VisualStudioVersion = 17.9.34728.123
MinimumVisualStudioVersion = 10.0.40219.1
Project("{FAE04EC0-301F-11D3-BF4B-00C04F79EFBC}") = "crudProducts", "crudProducts.csproj", "{DA03F575-F42C-4B50-9427-3E13659F2229}"
EndProject
Global
	GlobalSection(SolutionConfigurationPlatforms) = preSolution
		Debug|Any CPU = Debug|Any CPU
		Release|Any CPU = Release|Any CPU
	EndGlobalSection
	GlobalSection(ProjectConfigurationPlatforms) = postSolution
		{DA03F575-F42C-4B50-9427-3E13659F2229}.Debug|Any CPU.ActiveCfg = Debug|Any CPU
		{DA03F575-F42C-4B50-9427-3E13659F2229}.Debug|Any CPU.Build.0 = Debug|Any CPU
		{DA03F575-F42C-4B50-9427-3E13659F2229}.Release|Any CPU.ActiveCfg = Release|Any CPU
		{DA03F575-F42C-4B50-9427-3E13659F2229}.Release|Any CPU.Build.0 = Release|Any CPU
	EndGlobalSection
	GlobalSection(SolutionProperties) = preSolution
		HideSolutionNode = FALSE
	EndGlobalSection
	GlobalSection(ExtensibilityGlobals) = postSolution
		SolutionGuid = {764F6C8B-384B-43B5-9137-307D507B9CB4}
	EndGlobalSection
EndGlobal
